
Microsoft Visual Studio Solution File, Format Version 12.00
# Visual Studio 15
VisualStudioVersion = 15.0.26730.10
MinimumVisualStudioVersion = 10.0.40219.1
Project("{FAE04EC0-301F-11D3-BF4B-00C04F79EFBC}") = "WindowsFormsApp1", "WindowsFormsApp1\WindowsFormsApp1.csproj", "{03D9776A-97BB-4E36-B1A8-5A91C2B36E52}"
EndProject
Global
	GlobalSection(SolutionConfigurationPlatforms) = preSolution
		Debug|Any CPU = Debug|Any CPU
		Release|Any CPU = Release|Any CPU
	EndGlobalSection
	GlobalSection(ProjectConfigurationPlatforms) = postSolution
		{03D9776A-97BB-4E36-B1A8-5A91C2B36E52}.Debug|Any CPU.ActiveCfg = Debug|Any CPU
		{03D9776A-97BB-4E36-B1A8-5A91C2B36E52}.Debug|Any CPU.Build.0 = Debug|Any CPU
		{03D9776A-97BB-4E36-B1A8-5A91C2B36E52}.Release|Any CPU.ActiveCfg = Release|Any CPU
		{03D9776A-97BB-4E36-B1A8-5A91C2B36E52}.Release|Any CPU.Build.0 = Release|Any CPU
	EndGlobalSection
	GlobalSection(SolutionProperties) = preSolution
		HideSolutionNode = FALSE
	EndGlobalSection
	GlobalSection(ExtensibilityGlobals) = postSolution
		SolutionGuid = {2377E27D-468E-4FFB-98EC-286FD4CEB9B4}
	EndGlobalSection
EndGlobal
